
Microsoft Visual Studio Solution File, Format Version 12.00
# Visual Studio Version 17
VisualStudioVersion = 17.7.34202.233
MinimumVisualStudioVersion = 10.0.40219.1
Project("{FAE04EC0-301F-11D3-BF4B-00C04F79EFBC}") = "Projet_pfa", "Projet_pfa\Projet_pfa.csproj", "{F8C8CDD5-F850-4E5F-8D4C-5B89118D796A}"
EndProject
Global
	GlobalSection(SolutionConfigurationPlatforms) = preSolution
		Debug|Any CPU = Debug|Any CPU
		Release|Any CPU = Release|Any CPU
	EndGlobalSection
	GlobalSection(ProjectConfigurationPlatforms) = postSolution
		{F8C8CDD5-F850-4E5F-8D4C-5B89118D796A}.Debug|Any CPU.ActiveCfg = Debug|Any CPU
		{F8C8CDD5-F850-4E5F-8D4C-5B89118D796A}.Debug|Any CPU.Build.0 = Debug|Any CPU
		{F8C8CDD5-F850-4E5F-8D4C-5B89118D796A}.Release|Any CPU.ActiveCfg = Release|Any CPU
		{F8C8CDD5-F850-4E5F-8D4C-5B89118D796A}.Release|Any CPU.Build.0 = Release|Any CPU
	EndGlobalSection
	GlobalSection(SolutionProperties) = preSolution
		HideSolutionNode = FALSE
	EndGlobalSection
	GlobalSection(ExtensibilityGlobals) = postSolution
		SolutionGuid = {93E265F2-6529-41E0-A4F6-E317502FA33B}
	EndGlobalSection
EndGlobal
